PODS:
  - AFNetworking (2.5.4):
    - AFNetworking/NSURLConnection (= 2.5.4)
    - AFNetworking/NSURLSession (= 2.5.4)
    - AFNetworking/Reachability (= 2.5.4)
    - AFNetworking/Security (= 2.5.4)
    - AFNetworking/Serialization (= 2.5.4)
    - AFNetworking/UIKit (= 2.5.4)
  - AFNetworking/NSURLConnection (2.5.4):
    - AFNetworking/Reachability
    - AFNetworking/Security
    - AFNetworking/Serialization
  - AFNetworking/NSURLSession (2.5.4):
    - AFNetworking/Reachability
    - AFNetworking/Security
    - AFNetworking/Serialization
  - AFNetworking/Reachability (2.5.4)
  - AFNetworking/Security (2.5.4)
  - AFNetworking/Serialization (2.5.4)
  - AFNetworking/UIKit (2.5.4):
    - AFNetworking/NSURLConnection
    - AFNetworking/NSURLSession
  - AMap3DMap (7.5.0):
    - AMapFoundation (~> 1.6.3)
  - AMapFoundation (1.6.3)
  - AMapLocation (2.6.2):
    - AMapFoundation (~> 1.4)
  - Bugly (2.5.0)
  - JZLocationConverter (1.0.0)
  - Masonry (1.1.0)
  - MBProgressHUD (1.1.0)
  - MGJRouter (0.10.0)
  - MJRefresh (3.1.16)
  - SDWebImage (3.8.2):
    - SDWebImage/Core (= 3.8.2)
  - SDWebImage/Core (3.8.2)
  - YYKit (1.0.9):
    - YYKit/no-arc (= 1.0.9)
  - YYKit/no-arc (1.0.9)

DEPENDENCIES:
  - AFNetworking (= 2.5.4)
  - AMap3DMap
  - AMapLocation
  - Bugly
  - JZLocationConverter
  - Masonry (= 1.1.0)
  - MBProgressHUD (= 1.1.0)
  - MGJRouter (= 0.10.0)
  - MJRefresh (~> 3.1.0)
  - SDWebImage (~> 3.8)
  - YYKit

SPEC REPOS:
  https://github.com/CocoaPods/Specs.git:
    - AFNetworking
    - AMapLocation
    - Bugly
    - JZLocationConverter
    - Masonry
    - MBProgressHUD
    - MGJRouter
    - MJRefresh
    - SDWebImage
    - YYKit
  trunk:
    - AMap3DMap
    - AMapFoundation

SPEC CHECKSUMS:
  AFNetworking: 05edc0ac4c4c8cf57bcf4b84be5b0744b6d8e71e
  AMap3DMap: fc7c911f5cf079d544ad7faec256c9554cbbb202
  AMapFoundation: 9ed923193b357ebb30a073e9fe255d3c24054d5a
  AMapLocation: 89a7e4eb6040d32ba73c77a4966ecc66e46aa7c3
  Bugly: 3ca9f255c01025582df26f9222893b383c7e4b4e
  JZLocationConverter: 3d816bee6484aed9c155a6045a02ce444833e2f0
  Masonry: 678fab65091a9290e40e2832a55e7ab731aad201
  MBProgressHUD: e7baa36a220447d8aeb12769bf0585582f3866d9
  MGJRouter: 15d94541eb2cc81eff7d577337288feb7ae9575f
  MJRefresh: 7798e16e53a5ef7f332dd05b27664db4e29530fd
  SDWebImage: 098e97e6176540799c27e804c96653ee0833d13c
  YYKit: 7cda43304a8dc3696c449041e2cb3107b4e236e7

PODFILE CHECKSUM: 10830c286b2a6d60b6628dce66bc38ff993011ee

COCOAPODS: 1.9.1
