// !$*UTF8*$!
{
	archiveVersion = 1;
	classes = {
	};
	objectVersion = 50;
	objects = {

/* Begin PBXBuildFile section */
		2F36BD022240CF4B00C1D8FC /* WeProgressCircle.xib in Resources */ = {isa = PBXBuildFile; fileRef = 2F36BCFE2240CF4A00C1D8FC /* WeProgressCircle.xib */; };
		2F36BD032240CF4B00C1D8FC /* WeProgressCircle.png in Resources */ = {isa = PBXBuildFile; fileRef = 2F36BD002240CF4A00C1D8FC /* WeProgressCircle.png */; };
		2F36BD042240CF4B00C1D8FC /* WeProgressCircle.m in Sources */ = {isa = PBXBuildFile; fileRef = 2F36BD012240CF4A00C1D8FC /* WeProgressCircle.m */; };
		2F5A1B4D2245DAB90014B249 /* MRBaseViewController.m in Sources */ = {isa = PBXBuildFile; fileRef = 2F5A1B4C2245DAB90014B249 /* MRBaseViewController.m */; };
		2F5A1B612245FCF70014B249 /* MRTabBarView.m in Sources */ = {isa = PBXBuildFile; fileRef = 2F5A1B602245FCF70014B249 /* MRTabBarView.m */; };
		2F5A1B67224610580014B249 /* MRTabBarController.m in Sources */ = {isa = PBXBuildFile; fileRef = 2F5A1B66224610580014B249 /* MRTabBarController.m */; };
		2F5A1B6B2246451F0014B249 /* ZYLMainViewController.m in Sources */ = {isa = PBXBuildFile; fileRef = 2F5A1B6A2246451F0014B249 /* ZYLMainViewController.m */; };
		2F5A1B72224659BB0014B249 /* ZYLArrowBtn.m in Sources */ = {isa = PBXBuildFile; fileRef = 2F5A1B71224659BB0014B249 /* ZYLArrowBtn.m */; };
		2F5A1B7522465A250014B249 /* ZYLAvatarBtn.m in Sources */ = {isa = PBXBuildFile; fileRef = 2F5A1B7422465A250014B249 /* ZYLAvatarBtn.m */; };
		2F5A1B7822465B1D0014B249 /* ZYLTitleLabel.m in Sources */ = {isa = PBXBuildFile; fileRef = 2F5A1B7722465B1D0014B249 /* ZYLTitleLabel.m */; };
		2F5A1B7E224670A90014B249 /* ZYLLeaderboardBtn.m in Sources */ = {isa = PBXBuildFile; fileRef = 2F5A1B7D224670A90014B249 /* ZYLLeaderboardBtn.m */; };
		2F5A1B81224671140014B249 /* ZYLRunningRecordBtn.m in Sources */ = {isa = PBXBuildFile; fileRef = 2F5A1B80224671140014B249 /* ZYLRunningRecordBtn.m */; };
		2F5A1B84224671920014B249 /* ZYLBackgroundView.m in Sources */ = {isa = PBXBuildFile; fileRef = 2F5A1B83224671920014B249 /* ZYLBackgroundView.m */; };
		2F5A1B87224688280014B249 /* ZYLMainView.m in Sources */ = {isa = PBXBuildFile; fileRef = 2F5A1B86224688280014B249 /* ZYLMainView.m */; };
		2F5A1B9922468A890014B249 /* NSString+We.m in Sources */ = {isa = PBXBuildFile; fileRef = 2F5A1B8C22468A890014B249 /* NSString+We.m */; };
		2F5A1B9A22468A890014B249 /* UIButton+We.m in Sources */ = {isa = PBXBuildFile; fileRef = 2F5A1B8D22468A890014B249 /* UIButton+We.m */; };
		2F5A1B9B22468A890014B249 /* UIColor+We.m in Sources */ = {isa = PBXBuildFile; fileRef = 2F5A1B8F22468A890014B249 /* UIColor+We.m */; };
		2F5A1B9C22468A890014B249 /* WeKit.m in Sources */ = {isa = PBXBuildFile; fileRef = 2F5A1B9122468A890014B249 /* WeKit.m */; };
		2F5A1B9D22468A890014B249 /* UILabel+We.m in Sources */ = {isa = PBXBuildFile; fileRef = 2F5A1B9422468A890014B249 /* UILabel+We.m */; };
		2F5A1B9E22468A890014B249 /* UIView+We.m in Sources */ = {isa = PBXBuildFile; fileRef = 2F5A1B9522468A890014B249 /* UIView+We.m */; };
		2F5A1B9F22468A890014B249 /* UIImage+We.m in Sources */ = {isa = PBXBuildFile; fileRef = 2F5A1B9622468A890014B249 /* UIImage+We.m */; };
		2F5A1BA322468BA80014B249 /* MRBackBtu.m in Sources */ = {isa = PBXBuildFile; fileRef = 2F5A1BA122468BA80014B249 /* MRBackBtu.m */; };
		2F5A1BA622468BBA0014B249 /* MRChineseLabel.m in Sources */ = {isa = PBXBuildFile; fileRef = 2F5A1BA422468BBA0014B249 /* MRChineseLabel.m */; };
		2F5A1BA922468BC80014B249 /* MRNumLabel.m in Sources */ = {isa = PBXBuildFile; fileRef = 2F5A1BA822468BC70014B249 /* MRNumLabel.m */; };
		2F5A1BAC22468BD40014B249 /* MRTimeLabel.m in Sources */ = {isa = PBXBuildFile; fileRef = 2F5A1BAB22468BD40014B249 /* MRTimeLabel.m */; };
		A2FBE48C666D5B5BDE81DFAA /* libPods-MRMobileRun.a in Frameworks */ = {isa = PBXBuildFile; fileRef = AE32067601EFD0623CB60126 /* libPods-MRMobileRun.a */; };
		CE0CC17E222E2059001283EA /* AppDelegate.m in Sources */ = {isa = PBXBuildFile; fileRef = CE0CC17D222E2059001283EA /* AppDelegate.m */; };
		CE0CC186222E205B001283EA /* Assets.xcassets in Resources */ = {isa = PBXBuildFile; fileRef = CE0CC185222E205B001283EA /* Assets.xcassets */; };
		CE0CC189222E205B001283EA /* LaunchScreen.storyboard in Resources */ = {isa = PBXBuildFile; fileRef = CE0CC187222E205B001283EA /* LaunchScreen.storyboard */; };
		CE0CC18C222E205B001283EA /* main.m in Sources */ = {isa = PBXBuildFile; fileRef = CE0CC18B222E205B001283EA /* main.m */; };
		CE0CC196222E205C001283EA /* MRMobileRunTests.m in Sources */ = {isa = PBXBuildFile; fileRef = CE0CC195222E205C001283EA /* MRMobileRunTests.m */; };
		CE0CC1A1222E205C001283EA /* MRMobileRunUITests.m in Sources */ = {isa = PBXBuildFile; fileRef = CE0CC1A0222E205C001283EA /* MRMobileRunUITests.m */; };
		CE0CC1B5222E4938001283EA /* MRMainTabBarController.m in Sources */ = {isa = PBXBuildFile; fileRef = CE0CC1B4222E4938001283EA /* MRMainTabBarController.m */; };
		CE0CC1BB222E4D37001283EA /* MRHomeViewController.m in Sources */ = {isa = PBXBuildFile; fileRef = CE0CC1BA222E4D37001283EA /* MRHomeViewController.m */; };
		CE0CC1BF222E4F73001283EA /* MRRouterManager.m in Sources */ = {isa = PBXBuildFile; fileRef = CE0CC1BE222E4F73001283EA /* MRRouterManager.m */; };
		CE0CC1CB222E5038001283EA /* MRDemoTableViewCell.m in Sources */ = {isa = PBXBuildFile; fileRef = CE0CC1CA222E5038001283EA /* MRDemoTableViewCell.m */; };
		CE0CC1CE222E5048001283EA /* MRDemoModel.m in Sources */ = {isa = PBXBuildFile; fileRef = CE0CC1CD222E5048001283EA /* MRDemoModel.m */; };
		CE0CC1D1222E505C001283EA /* MRDemoViewController.m in Sources */ = {isa = PBXBuildFile; fileRef = CE0CC1D0222E505C001283EA /* MRDemoViewController.m */; };
		CE0CC1D4222E506B001283EA /* MRDemoViewModel.m in Sources */ = {isa = PBXBuildFile; fileRef = CE0CC1D3222E506B001283EA /* MRDemoViewModel.m */; };
/* End PBXBuildFile section */

/* Begin PBXContainerItemProxy section */
		CE0CC192222E205B001283EA /* PBXContainerItemProxy */ = {
			isa = PBXContainerItemProxy;
			containerPortal = CE0CC171222E2059001283EA /* Project object */;
			proxyType = 1;
			remoteGlobalIDString = CE0CC178222E2059001283EA;
			remoteInfo = MRMobileRun;
		};
		CE0CC19D222E205C001283EA /* PBXContainerItemProxy */ = {
			isa = PBXContainerItemProxy;
			containerPortal = CE0CC171222E2059001283EA /* Project object */;
			proxyType = 1;
			remoteGlobalIDString = CE0CC178222E2059001283EA;
			remoteInfo = MRMobileRun;
		};
/* End PBXContainerItemProxy section */

/* Begin PBXFileReference section */
		152E1617FE665064308B5999 /* Pods-MRMobileRun.release.xcconfig */ = {isa = PBXFileReference; includeInIndex = 1; lastKnownFileType = text.xcconfig; name = "Pods-MRMobileRun.release.xcconfig"; path = "Pods/Target Support Files/Pods-MRMobileRun/Pods-MRMobileRun.release.xcconfig"; sourceTree = "<group>"; };
		2F36BCFE2240CF4A00C1D8FC /* WeProgressCircle.xib */ = {isa = PBXFileReference; fileEncoding = 4; lastKnownFileType = file.xib; path = WeProgressCircle.xib; sourceTree = "<group>"; };
		2F36BCFF2240CF4A00C1D8FC /* WeProgressCircle.h */ = {isa = PBXFileReference; fileEncoding = 4; lastKnownFileType = sourcecode.c.h; path = WeProgressCircle.h; sourceTree = "<group>"; };
		2F36BD002240CF4A00C1D8FC /* WeProgressCircle.png */ = {isa = PBXFileReference; lastKnownFileType = image.png; path = WeProgressCircle.png; sourceTree = "<group>"; };
		2F36BD012240CF4A00C1D8FC /* WeProgressCircle.m */ = {isa = PBXFileReference; fileEncoding = 4; lastKnownFileType = sourcecode.c.objc; path = WeProgressCircle.m; sourceTree = "<group>"; };
		2F5A1B4B2245DAB90014B249 /* MRBaseViewController.h */ = {isa = PBXFileReference; lastKnownFileType = sourcecode.c.h; path = MRBaseViewController.h; sourceTree = "<group>"; };
		2F5A1B4C2245DAB90014B249 /* MRBaseViewController.m */ = {isa = PBXFileReference; lastKnownFileType = sourcecode.c.objc; path = MRBaseViewController.m; sourceTree = "<group>"; };
		2F5A1B5F2245FCF70014B249 /* MRTabBarView.h */ = {isa = PBXFileReference; lastKnownFileType = sourcecode.c.h; path = MRTabBarView.h; sourceTree = "<group>"; };
		2F5A1B602245FCF70014B249 /* MRTabBarView.m */ = {isa = PBXFileReference; lastKnownFileType = sourcecode.c.objc; path = MRTabBarView.m; sourceTree = "<group>"; };
		2F5A1B65224610580014B249 /* MRTabBarController.h */ = {isa = PBXFileReference; lastKnownFileType = sourcecode.c.h; path = MRTabBarController.h; sourceTree = "<group>"; };
		2F5A1B66224610580014B249 /* MRTabBarController.m */ = {isa = PBXFileReference; lastKnownFileType = sourcecode.c.objc; path = MRTabBarController.m; sourceTree = "<group>"; };
		2F5A1B692246451F0014B249 /* ZYLMainViewController.h */ = {isa = PBXFileReference; lastKnownFileType = sourcecode.c.h; path = ZYLMainViewController.h; sourceTree = "<group>"; };
		2F5A1B6A2246451F0014B249 /* ZYLMainViewController.m */ = {isa = PBXFileReference; lastKnownFileType = sourcecode.c.objc; path = ZYLMainViewController.m; sourceTree = "<group>"; };
		2F5A1B70224659BB0014B249 /* ZYLArrowBtn.h */ = {isa = PBXFileReference; lastKnownFileType = sourcecode.c.h; path = ZYLArrowBtn.h; sourceTree = "<group>"; };
		2F5A1B71224659BB0014B249 /* ZYLArrowBtn.m */ = {isa = PBXFileReference; lastKnownFileType = sourcecode.c.objc; path = ZYLArrowBtn.m; sourceTree = "<group>"; };
		2F5A1B7322465A250014B249 /* ZYLAvatarBtn.h */ = {isa = PBXFileReference; lastKnownFileType = sourcecode.c.h; path = ZYLAvatarBtn.h; sourceTree = "<group>"; };
		2F5A1B7422465A250014B249 /* ZYLAvatarBtn.m */ = {isa = PBXFileReference; lastKnownFileType = sourcecode.c.objc; path = ZYLAvatarBtn.m; sourceTree = "<group>"; };
		2F5A1B7622465B1D0014B249 /* ZYLTitleLabel.h */ = {isa = PBXFileReference; lastKnownFileType = sourcecode.c.h; path = ZYLTitleLabel.h; sourceTree = "<group>"; };
		2F5A1B7722465B1D0014B249 /* ZYLTitleLabel.m */ = {isa = PBXFileReference; lastKnownFileType = sourcecode.c.objc; path = ZYLTitleLabel.m; sourceTree = "<group>"; };
		2F5A1B7B224662B00014B249 /* PrefixHeader.pch */ = {isa = PBXFileReference; lastKnownFileType = sourcecode.c.h; path = PrefixHeader.pch; sourceTree = "<group>"; };
		2F5A1B7C224670A90014B249 /* ZYLLeaderboardBtn.h */ = {isa = PBXFileReference; lastKnownFileType = sourcecode.c.h; path = ZYLLeaderboardBtn.h; sourceTree = "<group>"; };
		2F5A1B7D224670A90014B249 /* ZYLLeaderboardBtn.m */ = {isa = PBXFileReference; lastKnownFileType = sourcecode.c.objc; path = ZYLLeaderboardBtn.m; sourceTree = "<group>"; };
		2F5A1B7F224671140014B249 /* ZYLRunningRecordBtn.h */ = {isa = PBXFileReference; lastKnownFileType = sourcecode.c.h; path = ZYLRunningRecordBtn.h; sourceTree = "<group>"; };
		2F5A1B80224671140014B249 /* ZYLRunningRecordBtn.m */ = {isa = PBXFileReference; lastKnownFileType = sourcecode.c.objc; path = ZYLRunningRecordBtn.m; sourceTree = "<group>"; };
		2F5A1B82224671920014B249 /* ZYLBackgroundView.h */ = {isa = PBXFileReference; lastKnownFileType = sourcecode.c.h; path = ZYLBackgroundView.h; sourceTree = "<group>"; };
		2F5A1B83224671920014B249 /* ZYLBackgroundView.m */ = {isa = PBXFileReference; lastKnownFileType = sourcecode.c.objc; path = ZYLBackgroundView.m; sourceTree = "<group>"; };
		2F5A1B85224688280014B249 /* ZYLMainView.h */ = {isa = PBXFileReference; lastKnownFileType = sourcecode.c.h; path = ZYLMainView.h; sourceTree = "<group>"; };
		2F5A1B86224688280014B249 /* ZYLMainView.m */ = {isa = PBXFileReference; lastKnownFileType = sourcecode.c.objc; path = ZYLMainView.m; sourceTree = "<group>"; };
		2F5A1B8A22468A890014B249 /* UIView+We.h */ = {isa = PBXFileReference; fileEncoding = 4; lastKnownFileType = sourcecode.c.h; path = "UIView+We.h"; sourceTree = "<group>"; };
		2F5A1B8B22468A890014B249 /* UILabel+We.h */ = {isa = PBXFileReference; fileEncoding = 4; lastKnownFileType = sourcecode.c.h; path = "UILabel+We.h"; sourceTree = "<group>"; };
		2F5A1B8C22468A890014B249 /* NSString+We.m */ = {isa = PBXFileReference; fileEncoding = 4; lastKnownFileType = sourcecode.c.objc; path = "NSString+We.m"; sourceTree = "<group>"; };
		2F5A1B8D22468A890014B249 /* UIButton+We.m */ = {isa = PBXFileReference; fileEncoding = 4; lastKnownFileType = sourcecode.c.objc; path = "UIButton+We.m"; sourceTree = "<group>"; };
		2F5A1B8E22468A890014B249 /* UIImage+We.h */ = {isa = PBXFileReference; fileEncoding = 4; lastKnownFileType = sourcecode.c.h; path = "UIImage+We.h"; sourceTree = "<group>"; };
		2F5A1B8F22468A890014B249 /* UIColor+We.m */ = {isa = PBXFileReference; fileEncoding = 4; lastKnownFileType = sourcecode.c.objc; path = "UIColor+We.m"; sourceTree = "<group>"; };
		2F5A1B9022468A890014B249 /* LxDBAnything.h */ = {isa = PBXFileReference; fileEncoding = 4; lastKnownFileType = sourcecode.c.h; path = LxDBAnything.h; sourceTree = "<group>"; };
		2F5A1B9122468A890014B249 /* WeKit.m */ = {isa = PBXFileReference; fileEncoding = 4; lastKnownFileType = sourcecode.c.objc; path = WeKit.m; sourceTree = "<group>"; };
		2F5A1B9222468A890014B249 /* UIButton+We.h */ = {isa = PBXFileReference; fileEncoding = 4; lastKnownFileType = sourcecode.c.h; path = "UIButton+We.h"; sourceTree = "<group>"; };
		2F5A1B9322468A890014B249 /* NSString+We.h */ = {isa = PBXFileReference; fileEncoding = 4; lastKnownFileType = sourcecode.c.h; path = "NSString+We.h"; sourceTree = "<group>"; };
		2F5A1B9422468A890014B249 /* UILabel+We.m */ = {isa = PBXFileReference; fileEncoding = 4; lastKnownFileType = sourcecode.c.objc; path = "UILabel+We.m"; sourceTree = "<group>"; };
		2F5A1B9522468A890014B249 /* UIView+We.m */ = {isa = PBXFileReference; fileEncoding = 4; lastKnownFileType = sourcecode.c.objc; path = "UIView+We.m"; sourceTree = "<group>"; };
		2F5A1B9622468A890014B249 /* UIImage+We.m */ = {isa = PBXFileReference; fileEncoding = 4; lastKnownFileType = sourcecode.c.objc; path = "UIImage+We.m"; sourceTree = "<group>"; };
		2F5A1B9722468A890014B249 /* UIColor+We.h */ = {isa = PBXFileReference; fileEncoding = 4; lastKnownFileType = sourcecode.c.h; path = "UIColor+We.h"; sourceTree = "<group>"; };
		2F5A1B9822468A890014B249 /* WeKit.h */ = {isa = PBXFileReference; fileEncoding = 4; lastKnownFileType = sourcecode.c.h; path = WeKit.h; sourceTree = "<group>"; };
		2F5A1BA122468BA80014B249 /* MRBackBtu.m */ = {isa = PBXFileReference; fileEncoding = 4; lastKnownFileType = sourcecode.c.objc; path = MRBackBtu.m; sourceTree = "<group>"; };
		2F5A1BA222468BA80014B249 /* MRBackBtu.h */ = {isa = PBXFileReference; fileEncoding = 4; lastKnownFileType = sourcecode.c.h; path = MRBackBtu.h; sourceTree = "<group>"; };
		2F5A1BA422468BBA0014B249 /* MRChineseLabel.m */ = {isa = PBXFileReference; fileEncoding = 4; lastKnownFileType = sourcecode.c.objc; path = MRChineseLabel.m; sourceTree = "<group>"; };
		2F5A1BA522468BBA0014B249 /* MRChineseLabel.h */ = {isa = PBXFileReference; fileEncoding = 4; lastKnownFileType = sourcecode.c.h; path = MRChineseLabel.h; sourceTree = "<group>"; };
		2F5A1BA722468BC70014B249 /* MRNumLabel.h */ = {isa = PBXFileReference; fileEncoding = 4; lastKnownFileType = sourcecode.c.h; path = MRNumLabel.h; sourceTree = "<group>"; };
		2F5A1BA822468BC70014B249 /* MRNumLabel.m */ = {isa = PBXFileReference; fileEncoding = 4; lastKnownFileType = sourcecode.c.objc; path = MRNumLabel.m; sourceTree = "<group>"; };
		2F5A1BAA22468BD40014B249 /* MRTimeLabel.h */ = {isa = PBXFileReference; fileEncoding = 4; lastKnownFileType = sourcecode.c.h; path = MRTimeLabel.h; sourceTree = "<group>"; };
		2F5A1BAB22468BD40014B249 /* MRTimeLabel.m */ = {isa = PBXFileReference; fileEncoding = 4; lastKnownFileType = sourcecode.c.objc; path = MRTimeLabel.m; sourceTree = "<group>"; };
		AE32067601EFD0623CB60126 /* libPods-MRMobileRun.a */ = {isa = PBXFileReference; explicitFileType = archive.ar; includeInIndex = 0; path = "libPods-MRMobileRun.a"; sourceTree = BUILT_PRODUCTS_DIR; };
		B02B7E7755F4D843FA333CD9 /* Pods-MRMobileRun.debug.xcconfig */ = {isa = PBXFileReference; includeInIndex = 1; lastKnownFileType = text.xcconfig; name = "Pods-MRMobileRun.debug.xcconfig"; path = "Pods/Target Support Files/Pods-MRMobileRun/Pods-MRMobileRun.debug.xcconfig"; sourceTree = "<group>"; };
		CE0CC179222E2059001283EA /* MRMobileRun.app */ = {isa = PBXFileReference; explicitFileType = wrapper.application; includeInIndex = 0; path = MRMobileRun.app; sourceTree = BUILT_PRODUCTS_DIR; };
		CE0CC17C222E2059001283EA /* AppDelegate.h */ = {isa = PBXFileReference; lastKnownFileType = sourcecode.c.h; path = AppDelegate.h; sourceTree = "<group>"; };
		CE0CC17D222E2059001283EA /* AppDelegate.m */ = {isa = PBXFileReference; lastKnownFileType = sourcecode.c.objc; path = AppDelegate.m; sourceTree = "<group>"; };
		CE0CC185222E205B001283EA /* Assets.xcassets */ = {isa = PBXFileReference; lastKnownFileType = folder.assetcatalog; path = Assets.xcassets; sourceTree = "<group>"; };
		CE0CC188222E205B001283EA /* Base */ = {isa = PBXFileReference; lastKnownFileType = file.storyboard; name = Base; path = Base.lproj/LaunchScreen.storyboard; sourceTree = "<group>"; };
		CE0CC18A222E205B001283EA /* Info.plist */ = {isa = PBXFileReference; lastKnownFileType = text.plist.xml; path = Info.plist; sourceTree = "<group>"; };
		CE0CC18B222E205B001283EA /* main.m */ = {isa = PBXFileReference; lastKnownFileType = sourcecode.c.objc; path = main.m; sourceTree = "<group>"; };
		CE0CC191222E205B001283EA /* MRMobileRunTests.xctest */ = {isa = PBXFileReference; explicitFileType = wrapper.cfbundle; includeInIndex = 0; path = MRMobileRunTests.xctest; sourceTree = BUILT_PRODUCTS_DIR; };
		CE0CC195222E205C001283EA /* MRMobileRunTests.m */ = {isa = PBXFileReference; lastKnownFileType = sourcecode.c.objc; path = MRMobileRunTests.m; sourceTree = "<group>"; };
		CE0CC197222E205C001283EA /* Info.plist */ = {isa = PBXFileReference; lastKnownFileType = text.plist.xml; path = Info.plist; sourceTree = "<group>"; };
		CE0CC19C222E205C001283EA /* MRMobileRunUITests.xctest */ = {isa = PBXFileReference; explicitFileType = wrapper.cfbundle; includeInIndex = 0; path = MRMobileRunUITests.xctest; sourceTree = BUILT_PRODUCTS_DIR; };
		CE0CC1A0222E205C001283EA /* MRMobileRunUITests.m */ = {isa = PBXFileReference; lastKnownFileType = sourcecode.c.objc; path = MRMobileRunUITests.m; sourceTree = "<group>"; };
		CE0CC1A2222E205C001283EA /* Info.plist */ = {isa = PBXFileReference; lastKnownFileType = text.plist.xml; path = Info.plist; sourceTree = "<group>"; };
		CE0CC1B3222E4938001283EA /* MRMainTabBarController.h */ = {isa = PBXFileReference; lastKnownFileType = sourcecode.c.h; path = MRMainTabBarController.h; sourceTree = "<group>"; };
		CE0CC1B4222E4938001283EA /* MRMainTabBarController.m */ = {isa = PBXFileReference; lastKnownFileType = sourcecode.c.objc; path = MRMainTabBarController.m; sourceTree = "<group>"; };
		CE0CC1B9222E4D37001283EA /* MRHomeViewController.h */ = {isa = PBXFileReference; lastKnownFileType = sourcecode.c.h; path = MRHomeViewController.h; sourceTree = "<group>"; };
		CE0CC1BA222E4D37001283EA /* MRHomeViewController.m */ = {isa = PBXFileReference; lastKnownFileType = sourcecode.c.objc; path = MRHomeViewController.m; sourceTree = "<group>"; };
		CE0CC1BD222E4F73001283EA /* MRRouterManager.h */ = {isa = PBXFileReference; lastKnownFileType = sourcecode.c.h; path = MRRouterManager.h; sourceTree = "<group>"; };
		CE0CC1BE222E4F73001283EA /* MRRouterManager.m */ = {isa = PBXFileReference; lastKnownFileType = sourcecode.c.objc; path = MRRouterManager.m; sourceTree = "<group>"; };
		CE0CC1C9222E5038001283EA /* MRDemoTableViewCell.h */ = {isa = PBXFileReference; lastKnownFileType = sourcecode.c.h; path = MRDemoTableViewCell.h; sourceTree = "<group>"; };
		CE0CC1CA222E5038001283EA /* MRDemoTableViewCell.m */ = {isa = PBXFileReference; lastKnownFileType = sourcecode.c.objc; path = MRDemoTableViewCell.m; sourceTree = "<group>"; };
		CE0CC1CC222E5048001283EA /* MRDemoModel.h */ = {isa = PBXFileReference; lastKnownFileType = sourcecode.c.h; path = MRDemoModel.h; sourceTree = "<group>"; };
		CE0CC1CD222E5048001283EA /* MRDemoModel.m */ = {isa = PBXFileReference; lastKnownFileType = sourcecode.c.objc; path = MRDemoModel.m; sourceTree = "<group>"; };
		CE0CC1CF222E505C001283EA /* MRDemoViewController.h */ = {isa = PBXFileReference; lastKnownFileType = sourcecode.c.h; path = MRDemoViewController.h; sourceTree = "<group>"; };
		CE0CC1D0222E505C001283EA /* MRDemoViewController.m */ = {isa = PBXFileReference; lastKnownFileType = sourcecode.c.objc; path = MRDemoViewController.m; sourceTree = "<group>"; };
		CE0CC1D2222E506B001283EA /* MRDemoViewModel.h */ = {isa = PBXFileReference; lastKnownFileType = sourcecode.c.h; path = MRDemoViewModel.h; sourceTree = "<group>"; };
		CE0CC1D3222E506B001283EA /* MRDemoViewModel.m */ = {isa = PBXFileReference; lastKnownFileType = sourcecode.c.objc; path = MRDemoViewModel.m; sourceTree = "<group>"; };
		CE0CC1D9222E5C9F001283EA /* MRRouterPublic.h */ = {isa = PBXFileReference; lastKnownFileType = sourcecode.c.h; path = MRRouterPublic.h; sourceTree = "<group>"; };
/* End PBXFileReference section */

/* Begin PBXFrameworksBuildPhase section */
		CE0CC176222E2059001283EA /* Frameworks */ = {
			isa = PBXFrameworksBuildPhase;
			buildActionMask = 2147483647;
			files = (
				A2FBE48C666D5B5BDE81DFAA /* libPods-MRMobileRun.a in Frameworks */,
			);
			runOnlyForDeploymentPostprocessing = 0;
		};
		CE0CC18E222E205B001283EA /* Frameworks */ = {
			isa = PBXFrameworksBuildPhase;
			buildActionMask = 2147483647;
			files = (
			);
			runOnlyForDeploymentPostprocessing = 0;
		};
		CE0CC199222E205C001283EA /* Frameworks */ = {
			isa = PBXFrameworksBuildPhase;
			buildActionMask = 2147483647;
			files = (
			);
			runOnlyForDeploymentPostprocessing = 0;
		};
/* End PBXFrameworksBuildPhase section */

/* Begin PBXGroup section */
		1B011DB0C0CCA19896847627 /* Pods */ = {
			isa = PBXGroup;
			children = (
				B02B7E7755F4D843FA333CD9 /* Pods-MRMobileRun.debug.xcconfig */,
				152E1617FE665064308B5999 /* Pods-MRMobileRun.release.xcconfig */,
			);
			name = Pods;
			sourceTree = "<group>";
		};
		2B186BF3715610DC086E3283 /* Frameworks */ = {
			isa = PBXGroup;
			children = (
				AE32067601EFD0623CB60126 /* libPods-MRMobileRun.a */,
			);
			name = Frameworks;
			sourceTree = "<group>";
		};
		2F36BCFD2240CF4A00C1D8FC /* MRWeProgress */ = {
			isa = PBXGroup;
			children = (
				2F36BCFE2240CF4A00C1D8FC /* WeProgressCircle.xib */,
				2F36BD002240CF4A00C1D8FC /* WeProgressCircle.png */,
				2F36BCFF2240CF4A00C1D8FC /* WeProgressCircle.h */,
				2F36BD012240CF4A00C1D8FC /* WeProgressCircle.m */,
			);
			path = MRWeProgress;
			sourceTree = "<group>";
		};
		2F5A1B522245DFB00014B249 /* MRTabBar */ = {
			isa = PBXGroup;
			children = (
				2F5A1B65224610580014B249 /* MRTabBarController.h */,
				2F5A1B66224610580014B249 /* MRTabBarController.m */,
				2F5A1B5F2245FCF70014B249 /* MRTabBarView.h */,
				2F5A1B602245FCF70014B249 /* MRTabBarView.m */,
			);
			path = MRTabBar;
			sourceTree = "<group>";
		};
		2F5A1B68224644470014B249 /* MRMainView */ = {
			isa = PBXGroup;
			children = (
				2F5A1B6F224646A50014B249 /* ViewModel */,
				2F5A1B6D2246468E0014B249 /* Model */,
				2F5A1B6C224646790014B249 /* Controller */,
			);
			path = MRMainView;
			sourceTree = "<group>";
		};
		2F5A1B6C224646790014B249 /* Controller */ = {
			isa = PBXGroup;
			children = (
				2F5A1B692246451F0014B249 /* ZYLMainViewController.h */,
				2F5A1B6A2246451F0014B249 /* ZYLMainViewController.m */,
			);
			name = Controller;
			sourceTree = "<group>";
		};
		2F5A1B6D2246468E0014B249 /* Model */ = {
			isa = PBXGroup;
			children = (
			);
			name = Model;
			sourceTree = "<group>";
		};
		2F5A1B6E2246469B0014B249 /* View */ = {
			isa = PBXGroup;
			children = (
				2F36BCFD2240CF4A00C1D8FC /* MRWeProgress */,
				2F5A1B70224659BB0014B249 /* ZYLArrowBtn.h */,
				2F5A1B71224659BB0014B249 /* ZYLArrowBtn.m */,
				2F5A1B7322465A250014B249 /* ZYLAvatarBtn.h */,
				2F5A1B7422465A250014B249 /* ZYLAvatarBtn.m */,
				2F5A1B7622465B1D0014B249 /* ZYLTitleLabel.h */,
				2F5A1B7722465B1D0014B249 /* ZYLTitleLabel.m */,
				2F5A1B7C224670A90014B249 /* ZYLLeaderboardBtn.h */,
				2F5A1B7D224670A90014B249 /* ZYLLeaderboardBtn.m */,
				2F5A1B7F224671140014B249 /* ZYLRunningRecordBtn.h */,
				2F5A1B80224671140014B249 /* ZYLRunningRecordBtn.m */,
				2F5A1B82224671920014B249 /* ZYLBackgroundView.h */,
				2F5A1B83224671920014B249 /* ZYLBackgroundView.m */,
				2F5A1B85224688280014B249 /* ZYLMainView.h */,
				2F5A1B86224688280014B249 /* ZYLMainView.m */,
			);
			name = View;
			sourceTree = "<group>";
		};
		2F5A1B6F224646A50014B249 /* ViewModel */ = {
			isa = PBXGroup;
			children = (
				2F5A1B6E2246469B0014B249 /* View */,
			);
			name = ViewModel;
			sourceTree = "<group>";
		};
		2F5A1B8922468A890014B249 /* WeKit */ = {
			isa = PBXGroup;
			children = (
				2F5A1B8A22468A890014B249 /* UIView+We.h */,
				2F5A1B8B22468A890014B249 /* UILabel+We.h */,
				2F5A1B8C22468A890014B249 /* NSString+We.m */,
				2F5A1B8D22468A890014B249 /* UIButton+We.m */,
				2F5A1B8E22468A890014B249 /* UIImage+We.h */,
				2F5A1B8F22468A890014B249 /* UIColor+We.m */,
				2F5A1B9022468A890014B249 /* LxDBAnything.h */,
				2F5A1B9122468A890014B249 /* WeKit.m */,
				2F5A1B9222468A890014B249 /* UIButton+We.h */,
				2F5A1B9322468A890014B249 /* NSString+We.h */,
				2F5A1B9422468A890014B249 /* UILabel+We.m */,
				2F5A1B9522468A890014B249 /* UIView+We.m */,
				2F5A1B9622468A890014B249 /* UIImage+We.m */,
				2F5A1B9722468A890014B249 /* UIColor+We.h */,
				2F5A1B9822468A890014B249 /* WeKit.h */,
			);
			path = WeKit;
			sourceTree = "<group>";
		};
		2F5A1BA022468A910014B249 /* Base */ = {
			isa = PBXGroup;
			children = (
				2F5A1B8922468A890014B249 /* WeKit */,
				2F5A1B4B2245DAB90014B249 /* MRBaseViewController.h */,
				2F5A1B4C2245DAB90014B249 /* MRBaseViewController.m */,
				2F5A1BA222468BA80014B249 /* MRBackBtu.h */,
				2F5A1BA122468BA80014B249 /* MRBackBtu.m */,
				2F5A1BA522468BBA0014B249 /* MRChineseLabel.h */,
				2F5A1BA422468BBA0014B249 /* MRChineseLabel.m */,
				2F5A1BA722468BC70014B249 /* MRNumLabel.h */,
				2F5A1BA822468BC70014B249 /* MRNumLabel.m */,
				2F5A1BAA22468BD40014B249 /* MRTimeLabel.h */,
				2F5A1BAB22468BD40014B249 /* MRTimeLabel.m */,
			);
			name = Base;
			sourceTree = "<group>";
		};
		CE0CC170222E2059001283EA = {
			isa = PBXGroup;
			children = (
				CE0CC17B222E2059001283EA /* MRMobileRun */,
				CE0CC194222E205C001283EA /* MRMobileRunTests */,
				CE0CC19F222E205C001283EA /* MRMobileRunUITests */,
				CE0CC17A222E2059001283EA /* Products */,
				1B011DB0C0CCA19896847627 /* Pods */,
				2B186BF3715610DC086E3283 /* Frameworks */,
			);
			sourceTree = "<group>";
		};
		CE0CC17A222E2059001283EA /* Products */ = {
			isa = PBXGroup;
			children = (
				CE0CC179222E2059001283EA /* MRMobileRun.app */,
				CE0CC191222E205B001283EA /* MRMobileRunTests.xctest */,
				CE0CC19C222E205C001283EA /* MRMobileRunUITests.xctest */,
			);
			name = Products;
			sourceTree = "<group>";
		};
		CE0CC17B222E2059001283EA /* MRMobileRun */ = {
			isa = PBXGroup;
			children = (
				2F5A1BA022468A910014B249 /* Base */,
				2F5A1B522245DFB00014B249 /* MRTabBar */,
				2F5A1B68224644470014B249 /* MRMainView */,
				CE0CC1D8222E5C61001283EA /* MRRouterManager */,
				CE0CC1C0222E4F7E001283EA /* MVVMDemoModule */,
				CE0CC1AE222E22FB001283EA /* MRMainUIModule */,
				CE0CC17C222E2059001283EA /* AppDelegate.h */,
				CE0CC17D222E2059001283EA /* AppDelegate.m */,
				CE0CC185222E205B001283EA /* Assets.xcassets */,
				CE0CC187222E205B001283EA /* LaunchScreen.storyboard */,
				2F5A1B7B224662B00014B249 /* PrefixHeader.pch */,
				CE0CC18A222E205B001283EA /* Info.plist */,
				CE0CC18B222E205B001283EA /* main.m */,
			);
			path = MRMobileRun;
			sourceTree = "<group>";
		};
		CE0CC194222E205C001283EA /* MRMobileRunTests */ = {
			isa = PBXGroup;
			children = (
				CE0CC195222E205C001283EA /* MRMobileRunTests.m */,
				CE0CC197222E205C001283EA /* Info.plist */,
			);
			path = MRMobileRunTests;
			sourceTree = "<group>";
		};
		CE0CC19F222E205C001283EA /* MRMobileRunUITests */ = {
			isa = PBXGroup;
			children = (
				CE0CC1A0222E205C001283EA /* MRMobileRunUITests.m */,
				CE0CC1A2222E205C001283EA /* Info.plist */,
			);
			path = MRMobileRunUITests;
			sourceTree = "<group>";
		};
		CE0CC1AE222E22FB001283EA /* MRMainUIModule */ = {
			isa = PBXGroup;
			children = (
				CE0CC1AF222E4859001283EA /* ViewController */,
			);
			name = MRMainUIModule;
			sourceTree = "<group>";
		};
		CE0CC1AF222E4859001283EA /* ViewController */ = {
			isa = PBXGroup;
			children = (
				CE0CC1B3222E4938001283EA /* MRMainTabBarController.h */,
				CE0CC1B4222E4938001283EA /* MRMainTabBarController.m */,
				CE0CC1B9222E4D37001283EA /* MRHomeViewController.h */,
				CE0CC1BA222E4D37001283EA /* MRHomeViewController.m */,
			);
			path = ViewController;
			sourceTree = "<group>";
		};
		CE0CC1C0222E4F7E001283EA /* MVVMDemoModule */ = {
			isa = PBXGroup;
			children = (
				CE0CC1C4222E4FA6001283EA /* View */,
				CE0CC1C3222E4F9F001283EA /* Model */,
				CE0CC1C2222E4F96001283EA /* Controller */,
				CE0CC1C1222E4F8C001283EA /* ViewModel */,
			);
			path = MVVMDemoModule;
			sourceTree = "<group>";
		};
		CE0CC1C1222E4F8C001283EA /* ViewModel */ = {
			isa = PBXGroup;
			children = (
				CE0CC1D2222E506B001283EA /* MRDemoViewModel.h */,
				CE0CC1D3222E506B001283EA /* MRDemoViewModel.m */,
			);
			path = ViewModel;
			sourceTree = "<group>";
		};
		CE0CC1C2222E4F96001283EA /* Controller */ = {
			isa = PBXGroup;
			children = (
				CE0CC1CF222E505C001283EA /* MRDemoViewController.h */,
				CE0CC1D0222E505C001283EA /* MRDemoViewController.m */,
			);
			path = Controller;
			sourceTree = "<group>";
		};
		CE0CC1C3222E4F9F001283EA /* Model */ = {
			isa = PBXGroup;
			children = (
				CE0CC1CC222E5048001283EA /* MRDemoModel.h */,
				CE0CC1CD222E5048001283EA /* MRDemoModel.m */,
			);
			path = Model;
			sourceTree = "<group>";
		};
		CE0CC1C4222E4FA6001283EA /* View */ = {
			isa = PBXGroup;
			children = (
				CE0CC1C9222E5038001283EA /* MRDemoTableViewCell.h */,
				CE0CC1CA222E5038001283EA /* MRDemoTableViewCell.m */,
			);
			path = View;
			sourceTree = "<group>";
		};
		CE0CC1D8222E5C61001283EA /* MRRouterManager */ = {
			isa = PBXGroup;
			children = (
				CE0CC1BD222E4F73001283EA /* MRRouterManager.h */,
				CE0CC1BE222E4F73001283EA /* MRRouterManager.m */,
				CE0CC1D9222E5C9F001283EA /* MRRouterPublic.h */,
			);
			path = MRRouterManager;
			sourceTree = "<group>";
		};
/* End PBXGroup section */

/* Begin PBXNativeTarget section */
		CE0CC178222E2059001283EA /* MRMobileRun */ = {
			isa = PBXNativeTarget;
			buildConfigurationList = CE0CC1A5222E205C001283EA /* Build configuration list for PBXNativeTarget "MRMobileRun" */;
			buildPhases = (
				893EAF1A64BC8FA3C9FB4A95 /* [CP] Check Pods Manifest.lock */,
				CE0CC175222E2059001283EA /* Sources */,
				CE0CC176222E2059001283EA /* Frameworks */,
				CE0CC177222E2059001283EA /* Resources */,
				CC63DBE60E7BA3743D463243 /* [CP] Copy Pods Resources */,
			);
			buildRules = (
			);
			dependencies = (
			);
			name = MRMobileRun;
			productName = MRMobileRun;
			productReference = CE0CC179222E2059001283EA /* MRMobileRun.app */;
			productType = "com.apple.product-type.application";
		};
		CE0CC190222E205B001283EA /* MRMobileRunTests */ = {
			isa = PBXNativeTarget;
			buildConfigurationList = CE0CC1A8222E205C001283EA /* Build configuration list for PBXNativeTarget "MRMobileRunTests" */;
			buildPhases = (
				CE0CC18D222E205B001283EA /* Sources */,
				CE0CC18E222E205B001283EA /* Frameworks */,
				CE0CC18F222E205B001283EA /* Resources */,
			);
			buildRules = (
			);
			dependencies = (
				CE0CC193222E205B001283EA /* PBXTargetDependency */,
			);
			name = MRMobileRunTests;
			productName = MRMobileRunTests;
			productReference = CE0CC191222E205B001283EA /* MRMobileRunTests.xctest */;
			productType = "com.apple.product-type.bundle.unit-test";
		};
		CE0CC19B222E205C001283EA /* MRMobileRunUITests */ = {
			isa = PBXNativeTarget;
			buildConfigurationList = CE0CC1AB222E205C001283EA /* Build configuration list for PBXNativeTarget "MRMobileRunUITests" */;
			buildPhases = (
				CE0CC198222E205C001283EA /* Sources */,
				CE0CC199222E205C001283EA /* Frameworks */,
				CE0CC19A222E205C001283EA /* Resources */,
			);
			buildRules = (
			);
			dependencies = (
				CE0CC19E222E205C001283EA /* PBXTargetDependency */,
			);
			name = MRMobileRunUITests;
			productName = MRMobileRunUITests;
			productReference = CE0CC19C222E205C001283EA /* MRMobileRunUITests.xctest */;
			productType = "com.apple.product-type.bundle.ui-testing";
		};
/* End PBXNativeTarget section */

/* Begin PBXProject section */
		CE0CC171222E2059001283EA /* Project object */ = {
			isa = PBXProject;
			attributes = {
				LastUpgradeCheck = 1010;
				TargetAttributes = {
					CE0CC178222E2059001283EA = {
						CreatedOnToolsVersion = 10.1;
					};
					CE0CC190222E205B001283EA = {
						CreatedOnToolsVersion = 10.1;
						TestTargetID = CE0CC178222E2059001283EA;
					};
					CE0CC19B222E205C001283EA = {
						CreatedOnToolsVersion = 10.1;
						TestTargetID = CE0CC178222E2059001283EA;
					};
				};
			};
			buildConfigurationList = CE0CC174222E2059001283EA /* Build configuration list for PBXProject "MRMobileRun" */;
			compatibilityVersion = "Xcode 9.3";
			developmentRegion = en;
			hasScannedForEncodings = 0;
			knownRegions = (
				en,
				Base,
			);
			mainGroup = CE0CC170222E2059001283EA;
			productRefGroup = CE0CC17A222E2059001283EA /* Products */;
			projectDirPath = "";
			projectRoot = "";
			targets = (
				CE0CC178222E2059001283EA /* MRMobileRun */,
				CE0CC190222E205B001283EA /* MRMobileRunTests */,
				CE0CC19B222E205C001283EA /* MRMobileRunUITests */,
			);
		};
/* End PBXProject section */

/* Begin PBXResourcesBuildPhase section */
		CE0CC177222E2059001283EA /* Resources */ = {
			isa = PBXResourcesBuildPhase;
			buildActionMask = 2147483647;
			files = (
				2F36BD022240CF4B00C1D8FC /* WeProgressCircle.xib in Resources */,
				CE0CC189222E205B001283EA /* LaunchScreen.storyboard in Resources */,
				2F36BD032240CF4B00C1D8FC /* WeProgressCircle.png in Resources */,
				CE0CC186222E205B001283EA /* Assets.xcassets in Resources */,
			);
			runOnlyForDeploymentPostprocessing = 0;
		};
		CE0CC18F222E205B001283EA /* Resources */ = {
			isa = PBXResourcesBuildPhase;
			buildActionMask = 2147483647;
			files = (
			);
			runOnlyForDeploymentPostprocessing = 0;
		};
		CE0CC19A222E205C001283EA /* Resources */ = {
			isa = PBXResourcesBuildPhase;
			buildActionMask = 2147483647;
			files = (
			);
			runOnlyForDeploymentPostprocessing = 0;
		};
/* End PBXResourcesBuildPhase section */

/* Begin PBXShellScriptBuildPhase section */
		893EAF1A64BC8FA3C9FB4A95 /* [CP] Check Pods Manifest.lock */ = {
			isa = PBXShellScriptBuildPhase;
			buildActionMask = 2147483647;
			files = (
			);
			inputFileListPaths = (
			);
			inputPaths = (
				"${PODS_PODFILE_DIR_PATH}/Podfile.lock",
				"${PODS_ROOT}/Manifest.lock",
			);
			name = "[CP] Check Pods Manifest.lock";
			outputFileListPaths = (
			);
			outputPaths = (
				"$(DERIVED_FILE_DIR)/Pods-MRMobileRun-checkManifestLockResult.txt",
			);
			runOnlyForDeploymentPostprocessing = 0;
			shellPath = /bin/sh;
			shellScript = "diff \"${PODS_PODFILE_DIR_PATH}/Podfile.lock\" \"${PODS_ROOT}/Manifest.lock\" > /dev/null\nif [ $? != 0 ] ; then\n    # print error to STDERR\n    echo \"error: The sandbox is not in sync with the Podfile.lock. Run 'pod install' or update your CocoaPods installation.\" >&2\n    exit 1\nfi\n# This output is used by Xcode 'outputs' to avoid re-running this script phase.\necho \"SUCCESS\" > \"${SCRIPT_OUTPUT_FILE_0}\"\n";
			showEnvVarsInLog = 0;
		};
		CC63DBE60E7BA3743D463243 /* [CP] Copy Pods Resources */ = {
			isa = PBXShellScriptBuildPhase;
			buildActionMask = 2147483647;
			files = (
			);
			inputFileListPaths = (
			);
			inputPaths = (
				"${SRCROOT}/Pods/Target Support Files/Pods-MRMobileRun/Pods-MRMobileRun-resources.sh",
				"${PODS_ROOT}/MJRefresh/MJRefresh/MJRefresh.bundle",
			);
			name = "[CP] Copy Pods Resources";
			outputFileListPaths = (
			);
			outputPaths = (
				"${TARGET_BUILD_DIR}/${UNLOCALIZED_RESOURCES_FOLDER_PATH}/MJRefresh.bundle",
			);
			runOnlyForDeploymentPostprocessing = 0;
			shellPath = /bin/sh;
			shellScript = "\"${SRCROOT}/Pods/Target Support Files/Pods-MRMobileRun/Pods-MRMobileRun-resources.sh\"\n";
			showEnvVarsInLog = 0;
		};
/* End PBXShellScriptBuildPhase section */

/* Begin PBXSourcesBuildPhase section */
		CE0CC175222E2059001283EA /* Sources */ = {
			isa = PBXSourcesBuildPhase;
			buildActionMask = 2147483647;
			files = (
				2F5A1B84224671920014B249 /* ZYLBackgroundView.m in Sources */,
				2F5A1B72224659BB0014B249 /* ZYLArrowBtn.m in Sources */,
				2F5A1BA922468BC80014B249 /* MRNumLabel.m in Sources */,
				CE0CC1BB222E4D37001283EA /* MRHomeViewController.m in Sources */,
				CE0CC18C222E205B001283EA /* main.m in Sources */,
				CE0CC17E222E2059001283EA /* AppDelegate.m in Sources */,
				2F5A1B7E224670A90014B249 /* ZYLLeaderboardBtn.m in Sources */,
				2F5A1B7822465B1D0014B249 /* ZYLTitleLabel.m in Sources */,
				2F5A1B9922468A890014B249 /* NSString+We.m in Sources */,
				2F5A1B612245FCF70014B249 /* MRTabBarView.m in Sources */,
				CE0CC1D4222E506B001283EA /* MRDemoViewModel.m in Sources */,
				CE0CC1BF222E4F73001283EA /* MRRouterManager.m in Sources */,
				2F5A1B87224688280014B249 /* ZYLMainView.m in Sources */,
				CE0CC1D1222E505C001283EA /* MRDemoViewController.m in Sources */,
				2F5A1B6B2246451F0014B249 /* ZYLMainViewController.m in Sources */,
				CE0CC1B5222E4938001283EA /* MRMainTabBarController.m in Sources */,
				2F5A1B81224671140014B249 /* ZYLRunningRecordBtn.m in Sources */,
				2F5A1B9D22468A890014B249 /* UILabel+We.m in Sources */,
				2F5A1BA622468BBA0014B249 /* MRChineseLabel.m in Sources */,
				2F5A1B4D2245DAB90014B249 /* MRBaseViewController.m in Sources */,
				2F5A1B7522465A250014B249 /* ZYLAvatarBtn.m in Sources */,
				2F5A1B9F22468A890014B249 /* UIImage+We.m in Sources */,
				2F5A1BAC22468BD40014B249 /* MRTimeLabel.m in Sources */,
				2F5A1B9E22468A890014B249 /* UIView+We.m in Sources */,
				CE0CC1CB222E5038001283EA /* MRDemoTableViewCell.m in Sources */,
				2F5A1B9B22468A890014B249 /* UIColor+We.m in Sources */,
				2F5A1B9C22468A890014B249 /* WeKit.m in Sources */,
				CE0CC1CE222E5048001283EA /* MRDemoModel.m in Sources */,
				2F5A1BA322468BA80014B249 /* MRBackBtu.m in Sources */,
				2F5A1B9A22468A890014B249 /* UIButton+We.m in Sources */,
				2F36BD042240CF4B00C1D8FC /* WeProgressCircle.m in Sources */,
				2F5A1B67224610580014B249 /* MRTabBarController.m in Sources */,
			);
			runOnlyForDeploymentPostprocessing = 0;
		};
		CE0CC18D222E205B001283EA /* Sources */ = {
			isa = PBXSourcesBuildPhase;
			buildActionMask = 2147483647;
			files = (
				CE0CC196222E205C001283EA /* MRMobileRunTests.m in Sources */,
			);
			runOnlyForDeploymentPostprocessing = 0;
		};
		CE0CC198222E205C001283EA /* Sources */ = {
			isa = PBXSourcesBuildPhase;
			buildActionMask = 2147483647;
			files = (
				CE0CC1A1222E205C001283EA /* MRMobileRunUITests.m in Sources */,
			);
			runOnlyForDeploymentPostprocessing = 0;
		};
/* End PBXSourcesBuildPhase section */

/* Begin PBXTargetDependency section */
		CE0CC193222E205B001283EA /* PBXTargetDependency */ = {
			isa = PBXTargetDependency;
			target = CE0CC178222E2059001283EA /* MRMobileRun */;
			targetProxy = CE0CC192222E205B001283EA /* PBXContainerItemProxy */;
		};
		CE0CC19E222E205C001283EA /* PBXTargetDependency */ = {
			isa = PBXTargetDependency;
			target = CE0CC178222E2059001283EA /* MRMobileRun */;
			targetProxy = CE0CC19D222E205C001283EA /* PBXContainerItemProxy */;
		};
/* End PBXTargetDependency section */

/* Begin PBXVariantGroup section */
		CE0CC187222E205B001283EA /* LaunchScreen.storyboard */ = {
			isa = PBXVariantGroup;
			children = (
				CE0CC188222E205B001283EA /* Base */,
			);
			name = LaunchScreen.storyboard;
			sourceTree = "<group>";
		};
/* End PBXVariantGroup section */

/* Begin XCBuildConfiguration section */
		CE0CC1A3222E205C001283EA /* Debug */ = {
			isa = XCBuildConfiguration;
			buildSettings = {
				ALWAYS_SEARCH_USER_PATHS = NO;
				CLANG_ANALYZER_NONNULL = YES;
				CLANG_ANALYZER_NUMBER_OBJECT_CONVERSION = YES_AGGRESSIVE;
				CLANG_CXX_LANGUAGE_STANDARD = "gnu++14";
				CLANG_CXX_LIBRARY = "libc++";
				CLANG_ENABLE_MODULES = YES;
				CLANG_ENABLE_OBJC_ARC = YES;
				CLANG_ENABLE_OBJC_WEAK = YES;
				CLANG_WARN_BLOCK_CAPTURE_AUTORELEASING = YES;
				CLANG_WARN_BOOL_CONVERSION = YES;
				CLANG_WARN_COMMA = YES;
				CLANG_WARN_CONSTANT_CONVERSION = YES;
				CLANG_WARN_DEPRECATED_OBJC_IMPLEMENTATIONS = YES;
				CLANG_WARN_DIRECT_OBJC_ISA_USAGE = YES_ERROR;
				CLANG_WARN_DOCUMENTATION_COMMENTS = YES;
				CLANG_WARN_EMPTY_BODY = YES;
				CLANG_WARN_ENUM_CONVERSION = YES;
				CLANG_WARN_INFINITE_RECURSION = YES;
				CLANG_WARN_INT_CONVERSION = YES;
				CLANG_WARN_NON_LITERAL_NULL_CONVERSION = YES;
				CLANG_WARN_OBJC_IMPLICIT_RETAIN_SELF = YES;
				CLANG_WARN_OBJC_LITERAL_CONVERSION = YES;
				CLANG_WARN_OBJC_ROOT_CLASS = YES_ERROR;
				CLANG_WARN_RANGE_LOOP_ANALYSIS = YES;
				CLANG_WARN_STRICT_PROTOTYPES = YES;
				CLANG_WARN_SUSPICIOUS_MOVE = YES;
				CLANG_WARN_UNGUARDED_AVAILABILITY = YES_AGGRESSIVE;
				CLANG_WARN_UNREACHABLE_CODE = YES;
				CLANG_WARN__DUPLICATE_METHOD_MATCH = YES;
				CODE_SIGN_IDENTITY = "iPhone Developer";
				COPY_PHASE_STRIP = NO;
				DEBUG_INFORMATION_FORMAT = dwarf;
				ENABLE_STRICT_OBJC_MSGSEND = YES;
				ENABLE_TESTABILITY = YES;
				GCC_C_LANGUAGE_STANDARD = gnu11;
				GCC_DYNAMIC_NO_PIC = NO;
				GCC_NO_COMMON_BLOCKS = YES;
				GCC_OPTIMIZATION_LEVEL = 0;
				GCC_PREPROCESSOR_DEFINITIONS = (
					"DEBUG=1",
					"$(inherited)",
				);
				GCC_WARN_64_TO_32_BIT_CONVERSION = YES;
				GCC_WARN_ABOUT_RETURN_TYPE = YES_ERROR;
				GCC_WARN_UNDECLARED_SELECTOR = YES;
				GCC_WARN_UNINITIALIZED_AUTOS = YES_AGGRESSIVE;
				GCC_WARN_UNUSED_FUNCTION = YES;
				GCC_WARN_UNUSED_VARIABLE = YES;
				IPHONEOS_DEPLOYMENT_TARGET = 12.1;
				MTL_ENABLE_DEBUG_INFO = INCLUDE_SOURCE;
				MTL_FAST_MATH = YES;
				ONLY_ACTIVE_ARCH = YES;
				SDKROOT = iphoneos;
			};
			name = Debug;
		};
		CE0CC1A4222E205C001283EA /* Release */ = {
			isa = XCBuildConfiguration;
			buildSettings = {
				ALWAYS_SEARCH_USER_PATHS = NO;
				CLANG_ANALYZER_NONNULL = YES;
				CLANG_ANALYZER_NUMBER_OBJECT_CONVERSION = YES_AGGRESSIVE;
				CLANG_CXX_LANGUAGE_STANDARD = "gnu++14";
				CLANG_CXX_LIBRARY = "libc++";
				CLANG_ENABLE_MODULES = YES;
				CLANG_ENABLE_OBJC_ARC = YES;
				CLANG_ENABLE_OBJC_WEAK = YES;
				CLANG_WARN_BLOCK_CAPTURE_AUTORELEASING = YES;
				CLANG_WARN_BOOL_CONVERSION = YES;
				CLANG_WARN_COMMA = YES;
				CLANG_WARN_CONSTANT_CONVERSION = YES;
				CLANG_WARN_DEPRECATED_OBJC_IMPLEMENTATIONS = YES;
				CLANG_WARN_DIRECT_OBJC_ISA_USAGE = YES_ERROR;
				CLANG_WARN_DOCUMENTATION_COMMENTS = YES;
				CLANG_WARN_EMPTY_BODY = YES;
				CLANG_WARN_ENUM_CONVERSION = YES;
				CLANG_WARN_INFINITE_RECURSION = YES;
				CLANG_WARN_INT_CONVERSION = YES;
				CLANG_WARN_NON_LITERAL_NULL_CONVERSION = YES;
				CLANG_WARN_OBJC_IMPLICIT_RETAIN_SELF = YES;
				CLANG_WARN_OBJC_LITERAL_CONVERSION = YES;
				CLANG_WARN_OBJC_ROOT_CLASS = YES_ERROR;
				CLANG_WARN_RANGE_LOOP_ANALYSIS = YES;
				CLANG_WARN_STRICT_PROTOTYPES = YES;
				CLANG_WARN_SUSPICIOUS_MOVE = YES;
				CLANG_WARN_UNGUARDED_AVAILABILITY = YES_AGGRESSIVE;
				CLANG_WARN_UNREACHABLE_CODE = YES;
				CLANG_WARN__DUPLICATE_METHOD_MATCH = YES;
				CODE_SIGN_IDENTITY = "iPhone Developer";
				COPY_PHASE_STRIP = NO;
				DEBUG_INFORMATION_FORMAT = "dwarf-with-dsym";
				ENABLE_NS_ASSERTIONS = NO;
				ENABLE_STRICT_OBJC_MSGSEND = YES;
				GCC_C_LANGUAGE_STANDARD = gnu11;
				GCC_NO_COMMON_BLOCKS = YES;
				GCC_WARN_64_TO_32_BIT_CONVERSION = YES;
				GCC_WARN_ABOUT_RETURN_TYPE = YES_ERROR;
				GCC_WARN_UNDECLARED_SELECTOR = YES;
				GCC_WARN_UNINITIALIZED_AUTOS = YES_AGGRESSIVE;
				GCC_WARN_UNUSED_FUNCTION = YES;
				GCC_WARN_UNUSED_VARIABLE = YES;
				IPHONEOS_DEPLOYMENT_TARGET = 12.1;
				MTL_ENABLE_DEBUG_INFO = NO;
				MTL_FAST_MATH = YES;
				SDKROOT = iphoneos;
				VALIDATE_PRODUCT = YES;
			};
			name = Release;
		};
		CE0CC1A6222E205C001283EA /* Debug */ = {
			isa = XCBuildConfiguration;
			baseConfigurationReference = B02B7E7755F4D843FA333CD9 /* Pods-MRMobileRun.debug.xcconfig */;
			buildSettings = {
				ASSETCATALOG_COMPILER_APPICON_NAME = AppIcon;
				CODE_SIGN_STYLE = Automatic;
				DEVELOPMENT_TEAM = JGMUD2VWJ4;
				GCC_PRECOMPILE_PREFIX_HEADER = YES;
				GCC_PREFIX_HEADER = "$(SRCROOT)/MRMobileRun/PrefixHeader.pch";
				INFOPLIST_FILE = MRMobileRun/Info.plist;
				IPHONEOS_DEPLOYMENT_TARGET = 10.3;
				LD_RUNPATH_SEARCH_PATHS = (
					"$(inherited)",
					"@executable_path/Frameworks",
				);
				PRODUCT_BUNDLE_IDENTIFIER = com.mr.MRMobileRun;
				PRODUCT_NAME = "$(TARGET_NAME)";
				TARGETED_DEVICE_FAMILY = "1,2";
			};
			name = Debug;
		};
		CE0CC1A7222E205C001283EA /* Release */ = {
			isa = XCBuildConfiguration;
			baseConfigurationReference = 152E1617FE665064308B5999 /* Pods-MRMobileRun.release.xcconfig */;
			buildSettings = {
				ASSETCATALOG_COMPILER_APPICON_NAME = AppIcon;
				CODE_SIGN_STYLE = Automatic;
				DEVELOPMENT_TEAM = JGMUD2VWJ4;
				GCC_PRECOMPILE_PREFIX_HEADER = YES;
				GCC_PREFIX_HEADER = "$(SRCROOT)/MRMobileRun/PrefixHeader.pch";
				INFOPLIST_FILE = MRMobileRun/Info.plist;
				IPHONEOS_DEPLOYMENT_TARGET = 10.3;
				LD_RUNPATH_SEARCH_PATHS = (
					"$(inherited)",
					"@executable_path/Frameworks",
				);
				PRODUCT_BUNDLE_IDENTIFIER = com.mr.MRMobileRun;
				PRODUCT_NAME = "$(TARGET_NAME)";
				TARGETED_DEVICE_FAMILY = "1,2";
			};
			name = Release;
		};
		CE0CC1A9222E205C001283EA /* Debug */ = {
			isa = XCBuildConfiguration;
			buildSettings = {
				BUNDLE_LOADER = "$(TEST_HOST)";
				CODE_SIGN_STYLE = Automatic;
				INFOPLIST_FILE = MRMobileRunTests/Info.plist;
				LD_RUNPATH_SEARCH_PATHS = (
					"$(inherited)",
					"@executable_path/Frameworks",
					"@loader_path/Frameworks",
				);
				PRODUCT_BUNDLE_IDENTIFIER = com.mr.MRMobileRunTests;
				PRODUCT_NAME = "$(TARGET_NAME)";
				TARGETED_DEVICE_FAMILY = "1,2";
				TEST_HOST = "$(BUILT_PRODUCTS_DIR)/MRMobileRun.app/MRMobileRun";
			};
			name = Debug;
		};
		CE0CC1AA222E205C001283EA /* Release */ = {
			isa = XCBuildConfiguration;
			buildSettings = {
				BUNDLE_LOADER = "$(TEST_HOST)";
				CODE_SIGN_STYLE = Automatic;
				INFOPLIST_FILE = MRMobileRunTests/Info.plist;
				LD_RUNPATH_SEARCH_PATHS = (
					"$(inherited)",
					"@executable_path/Frameworks",
					"@loader_path/Frameworks",
				);
				PRODUCT_BUNDLE_IDENTIFIER = com.mr.MRMobileRunTests;
				PRODUCT_NAME = "$(TARGET_NAME)";
				TARGETED_DEVICE_FAMILY = "1,2";
				TEST_HOST = "$(BUILT_PRODUCTS_DIR)/MRMobileRun.app/MRMobileRun";
			};
			name = Release;
		};
		CE0CC1AC222E205C001283EA /* Debug */ = {
			isa = XCBuildConfiguration;
			buildSettings = {
				CODE_SIGN_STYLE = Automatic;
				INFOPLIST_FILE = MRMobileRunUITests/Info.plist;
				LD_RUNPATH_SEARCH_PATHS = (
					"$(inherited)",
					"@executable_path/Frameworks",
					"@loader_path/Frameworks",
				);
				PRODUCT_BUNDLE_IDENTIFIER = com.mr.MRMobileRunUITests;
				PRODUCT_NAME = "$(TARGET_NAME)";
				TARGETED_DEVICE_FAMILY = "1,2";
				TEST_TARGET_NAME = MRMobileRun;
			};
			name = Debug;
		};
		CE0CC1AD222E205C001283EA /* Release */ = {
			isa = XCBuildConfiguration;
			buildSettings = {
				CODE_SIGN_STYLE = Automatic;
				INFOPLIST_FILE = MRMobileRunUITests/Info.plist;
				LD_RUNPATH_SEARCH_PATHS = (
					"$(inherited)",
					"@executable_path/Frameworks",
					"@loader_path/Frameworks",
				);
				PRODUCT_BUNDLE_IDENTIFIER = com.mr.MRMobileRunUITests;
				PRODUCT_NAME = "$(TARGET_NAME)";
				TARGETED_DEVICE_FAMILY = "1,2";
				TEST_TARGET_NAME = MRMobileRun;
			};
			name = Release;
		};
/* End XCBuildConfiguration section */

/* Begin XCConfigurationList section */
		CE0CC174222E2059001283EA /* Build configuration list for PBXProject "MRMobileRun" */ = {
			isa = XCConfigurationList;
			buildConfigurations = (
				CE0CC1A3222E205C001283EA /* Debug */,
				CE0CC1A4222E205C001283EA /* Release */,
			);
			defaultConfigurationIsVisible = 0;
			defaultConfigurationName = Release;
		};
		CE0CC1A5222E205C001283EA /* Build configuration list for PBXNativeTarget "MRMobileRun" */ = {
			isa = XCConfigurationList;
			buildConfigurations = (
				CE0CC1A6222E205C001283EA /* Debug */,
				CE0CC1A7222E205C001283EA /* Release */,
			);
			defaultConfigurationIsVisible = 0;
			defaultConfigurationName = Release;
		};
		CE0CC1A8222E205C001283EA /* Build configuration list for PBXNativeTarget "MRMobileRunTests" */ = {
			isa = XCConfigurationList;
			buildConfigurations = (
				CE0CC1A9222E205C001283EA /* Debug */,
				CE0CC1AA222E205C001283EA /* Release */,
			);
			defaultConfigurationIsVisible = 0;
			defaultConfigurationName = Release;
		};
		CE0CC1AB222E205C001283EA /* Build configuration list for PBXNativeTarget "MRMobileRunUITests" */ = {
			isa = XCConfigurationList;
			buildConfigurations = (
				CE0CC1AC222E205C001283EA /* Debug */,
				CE0CC1AD222E205C001283EA /* Release */,
			);
			defaultConfigurationIsVisible = 0;
			defaultConfigurationName = Release;
		};
/* End XCConfigurationList section */
	};
	rootObject = CE0CC171222E2059001283EA /* Project object */;
}
